
Microsoft Visual Studio Solution File, Format Version 12.00
# Visual Studio Version 17
VisualStudioVersion = 17.9.34723.18
MinimumVisualStudioVersion = 10.0.40219.1
Project("{9A19103F-16F7-4668-BE54-9A1E7A4F7556}") = "MasteryExtended", "MasteryExtended\MasteryExtended.csproj", "{0BFB1B3C-7516-44E6-9D6C-F77EF3281811}"
EndProject
Project("{9A19103F-16F7-4668-BE54-9A1E7A4F7556}") = "MasteryExtended.SC", "MasteryExtended.SpaceCore\MasteryExtended.SC.csproj", "{4D9344DB-8089-4A33-8131-EF3B7C24D51F}"
EndProject
Project("{FAE04EC0-301F-11D3-BF4B-00C04F79EFBC}") = "MasteryExtended.WoL", "MasteryExtended.WoL\MasteryExtended.WoL.csproj", "{1C7803A8-9C41-4707-A02E-C3CACFAFAA53}"
EndProject
Global
	GlobalSection(SolutionConfigurationPlatforms) = preSolution
		Debug|Any CPU = Debug|Any CPU
		Release|Any CPU = Release|Any CPU
	EndGlobalSection
	GlobalSection(ProjectConfigurationPlatforms) = postSolution
		{0BFB1B3C-7516-44E6-9D6C-F77EF3281811}.Debug|Any CPU.ActiveCfg = Debug|Any CPU
		{0BFB1B3C-7516-44E6-9D6C-F77EF3281811}.Debug|Any CPU.Build.0 = Debug|Any CPU
		{0BFB1B3C-7516-44E6-9D6C-F77EF3281811}.Release|Any CPU.ActiveCfg = Release|Any CPU
		{0BFB1B3C-7516-44E6-9D6C-F77EF3281811}.Release|Any CPU.Build.0 = Release|Any CPU
		{4D9344DB-8089-4A33-8131-EF3B7C24D51F}.Debug|Any CPU.ActiveCfg = Debug|Any CPU
		{4D9344DB-8089-4A33-8131-EF3B7C24D51F}.Debug|Any CPU.Build.0 = Debug|Any CPU
		{4D9344DB-8089-4A33-8131-EF3B7C24D51F}.Release|Any CPU.ActiveCfg = Release|Any CPU
		{4D9344DB-8089-4A33-8131-EF3B7C24D51F}.Release|Any CPU.Build.0 = Release|Any CPU
		{1C7803A8-9C41-4707-A02E-C3CACFAFAA53}.Debug|Any CPU.ActiveCfg = Debug|Any CPU
		{1C7803A8-9C41-4707-A02E-C3CACFAFAA53}.Debug|Any CPU.Build.0 = Debug|Any CPU
		{1C7803A8-9C41-4707-A02E-C3CACFAFAA53}.Release|Any CPU.ActiveCfg = Release|Any CPU
		{1C7803A8-9C41-4707-A02E-C3CACFAFAA53}.Release|Any CPU.Build.0 = Release|Any CPU
	EndGlobalSection
	GlobalSection(SolutionProperties) = preSolution
		HideSolutionNode = FALSE
	EndGlobalSection
	GlobalSection(ExtensibilityGlobals) = postSolution
		SolutionGuid = {59354CA1-4FCF-4FDC-ACC1-C7B9D1480471}
	EndGlobalSection
EndGlobal
